
Microsoft Visual Studio Solution File, Format Version 12.00
# Visual Studio Version 17
VisualStudioVersion = 17.14.36414.22
MinimumVisualStudioVersion = 10.0.40219.1
Project("{2150E333-8FDC-42A3-9474-1A3956D46DE8}") = "SM-Post", "SM-Post", "{02EA681E-C7D8-13C7-8484-4AC65E1B71E8}"
EndProject
Project("{2150E333-8FDC-42A3-9474-1A3956D46DE8}") = "CQRS-ES", "CQRS-ES", "{C1B50619-E213-4BAE-A46C-558461A1C995}"
EndProject
Project("{2150E333-8FDC-42A3-9474-1A3956D46DE8}") = "Post.Cmd", "Post.Cmd", "{386C5F84-FF63-4F40-9432-E1E46ACBE2B2}"
EndProject
Project("{2150E333-8FDC-42A3-9474-1A3956D46DE8}") = "Post.Common", "Post.Common", "{1BEB0513-B7F4-440E-A04E-04F652EE712F}"
EndProject
Project("{2150E333-8FDC-42A3-9474-1A3956D46DE8}") = "Post.Query", "Post.Query", "{863BAD2A-134C-44DC-B62A-289A76EE098C}"
EndProject
Project("{FAE04EC0-301F-11D3-BF4B-00C04F79EFBC}") = "CQRS.Core", "CORS-ES\CQRS.Core\CQRS.Core.csproj", "{C698B3B9-0503-4BE8-BCE6-D2B9665BFF1F}"
EndProject
Project("{FAE04EC0-301F-11D3-BF4B-00C04F79EFBC}") = "Post.Cmd.Api", "Sm-Post\Post.Cmd\Post.Cmd.Api\Post.Cmd.Api.csproj", "{7797BA2B-479A-45FE-8FD3-825128F3E46E}"
EndProject
Project("{FAE04EC0-301F-11D3-BF4B-00C04F79EFBC}") = "Post.Cmd.Domain", "SM-Post\Post.Cmd\Post.Cmd.Domain\Post.Cmd.Domain.csproj", "{E21CCA5C-B540-4B3B-87B1-C06EA094BAF8}"
EndProject
Project("{FAE04EC0-301F-11D3-BF4B-00C04F79EFBC}") = "Post.Cmd.Infrastructure", "Sm-Post\Post.Cmd\Post.Cmd.Infrastructure\Post.Cmd.Infrastructure.csproj", "{3FA1884E-76A8-4D8E-BB7F-D3CAB72E73E1}"
EndProject
Project("{FAE04EC0-301F-11D3-BF4B-00C04F79EFBC}") = "Post.Query.Api", "SM-Post\Post.Query\Post.Query.Api\Post.Query.Api.csproj", "{DF96F2D5-B3BF-4F1B-AC05-B7A5857A3F37}"
EndProject
Project("{FAE04EC0-301F-11D3-BF4B-00C04F79EFBC}") = "Post.Query.Domain", "Sm-Post\Post.Query\Post.Query.Domain\Post.Query.Domain.csproj", "{FFAE1ED6-F2F0-4DF5-B5E4-1FE612CB5F20}"
EndProject
Project("{FAE04EC0-301F-11D3-BF4B-00C04F79EFBC}") = "Post.Query.Infrastructure", "Sm-Post\Post.Query\Post.Query.Infrastructure\Post.Query.Infrastructure.csproj", "{1672B607-9AD5-4575-95D7-9D98641BCA60}"
EndProject
Project("{FAE04EC0-301F-11D3-BF4B-00C04F79EFBC}") = "ClassLibrary1", "Post.Common\Post.Cmd.Domain\ClassLibrary1\ClassLibrary1.csproj", "{E24FCE8F-2EF3-4D86-B46D-17D23CABFD51}"
EndProject
Global
	GlobalSection(SolutionConfigurationPlatforms) = preSolution
		Debug|Any CPU = Debug|Any CPU
		Release|Any CPU = Release|Any CPU
	EndGlobalSection
	GlobalSection(ProjectConfigurationPlatforms) = postSolution
		{C698B3B9-0503-4BE8-BCE6-D2B9665BFF1F}.Debug|Any CPU.ActiveCfg = Debug|Any CPU
		{C698B3B9-0503-4BE8-BCE6-D2B9665BFF1F}.Debug|Any CPU.Build.0 = Debug|Any CPU
		{C698B3B9-0503-4BE8-BCE6-D2B9665BFF1F}.Release|Any CPU.ActiveCfg = Release|Any CPU
		{C698B3B9-0503-4BE8-BCE6-D2B9665BFF1F}.Release|Any CPU.Build.0 = Release|Any CPU
		{7797BA2B-479A-45FE-8FD3-825128F3E46E}.Debug|Any CPU.ActiveCfg = Debug|Any CPU
		{7797BA2B-479A-45FE-8FD3-825128F3E46E}.Debug|Any CPU.Build.0 = Debug|Any CPU
		{7797BA2B-479A-45FE-8FD3-825128F3E46E}.Release|Any CPU.ActiveCfg = Release|Any CPU
		{7797BA2B-479A-45FE-8FD3-825128F3E46E}.Release|Any CPU.Build.0 = Release|Any CPU
		{E21CCA5C-B540-4B3B-87B1-C06EA094BAF8}.Debug|Any CPU.ActiveCfg = Debug|Any CPU
		{E21CCA5C-B540-4B3B-87B1-C06EA094BAF8}.Debug|Any CPU.Build.0 = Debug|Any CPU
		{E21CCA5C-B540-4B3B-87B1-C06EA094BAF8}.Release|Any CPU.ActiveCfg = Release|Any CPU
		{E21CCA5C-B540-4B3B-87B1-C06EA094BAF8}.Release|Any CPU.Build.0 = Release|Any CPU
		{3FA1884E-76A8-4D8E-BB7F-D3CAB72E73E1}.Debug|Any CPU.ActiveCfg = Debug|Any CPU
		{3FA1884E-76A8-4D8E-BB7F-D3CAB72E73E1}.Debug|Any CPU.Build.0 = Debug|Any CPU
		{3FA1884E-76A8-4D8E-BB7F-D3CAB72E73E1}.Release|Any CPU.ActiveCfg = Release|Any CPU
		{3FA1884E-76A8-4D8E-BB7F-D3CAB72E73E1}.Release|Any CPU.Build.0 = Release|Any CPU
		{DF96F2D5-B3BF-4F1B-AC05-B7A5857A3F37}.Debug|Any CPU.ActiveCfg = Debug|Any CPU
		{DF96F2D5-B3BF-4F1B-AC05-B7A5857A3F37}.Debug|Any CPU.Build.0 = Debug|Any CPU
		{DF96F2D5-B3BF-4F1B-AC05-B7A5857A3F37}.Release|Any CPU.ActiveCfg = Release|Any CPU
		{DF96F2D5-B3BF-4F1B-AC05-B7A5857A3F37}.Release|Any CPU.Build.0 = Release|Any CPU
		{FFAE1ED6-F2F0-4DF5-B5E4-1FE612CB5F20}.Debug|Any CPU.ActiveCfg = Debug|Any CPU
		{FFAE1ED6-F2F0-4DF5-B5E4-1FE612CB5F20}.Debug|Any CPU.Build.0 = Debug|Any CPU
		{FFAE1ED6-F2F0-4DF5-B5E4-1FE612CB5F20}.Release|Any CPU.ActiveCfg = Release|Any CPU
		{FFAE1ED6-F2F0-4DF5-B5E4-1FE612CB5F20}.Release|Any CPU.Build.0 = Release|Any CPU
		{1672B607-9AD5-4575-95D7-9D98641BCA60}.Debug|Any CPU.ActiveCfg = Debug|Any CPU
		{1672B607-9AD5-4575-95D7-9D98641BCA60}.Debug|Any CPU.Build.0 = Debug|Any CPU
		{1672B607-9AD5-4575-95D7-9D98641BCA60}.Release|Any CPU.ActiveCfg = Release|Any CPU
		{1672B607-9AD5-4575-95D7-9D98641BCA60}.Release|Any CPU.Build.0 = Release|Any CPU
		{E24FCE8F-2EF3-4D86-B46D-17D23CABFD51}.Debug|Any CPU.ActiveCfg = Debug|Any CPU
		{E24FCE8F-2EF3-4D86-B46D-17D23CABFD51}.Debug|Any CPU.Build.0 = Debug|Any CPU
		{E24FCE8F-2EF3-4D86-B46D-17D23CABFD51}.Release|Any CPU.ActiveCfg = Release|Any CPU
		{E24FCE8F-2EF3-4D86-B46D-17D23CABFD51}.Release|Any CPU.Build.0 = Release|Any CPU
	EndGlobalSection
	GlobalSection(SolutionProperties) = preSolution
		HideSolutionNode = FALSE
	EndGlobalSection
	GlobalSection(NestedProjects) = preSolution
		{386C5F84-FF63-4F40-9432-E1E46ACBE2B2} = {02EA681E-C7D8-13C7-8484-4AC65E1B71E8}
		{1BEB0513-B7F4-440E-A04E-04F652EE712F} = {02EA681E-C7D8-13C7-8484-4AC65E1B71E8}
		{863BAD2A-134C-44DC-B62A-289A76EE098C} = {02EA681E-C7D8-13C7-8484-4AC65E1B71E8}
		{C698B3B9-0503-4BE8-BCE6-D2B9665BFF1F} = {C1B50619-E213-4BAE-A46C-558461A1C995}
		{7797BA2B-479A-45FE-8FD3-825128F3E46E} = {386C5F84-FF63-4F40-9432-E1E46ACBE2B2}
		{E21CCA5C-B540-4B3B-87B1-C06EA094BAF8} = {386C5F84-FF63-4F40-9432-E1E46ACBE2B2}
		{3FA1884E-76A8-4D8E-BB7F-D3CAB72E73E1} = {386C5F84-FF63-4F40-9432-E1E46ACBE2B2}
		{DF96F2D5-B3BF-4F1B-AC05-B7A5857A3F37} = {863BAD2A-134C-44DC-B62A-289A76EE098C}
		{FFAE1ED6-F2F0-4DF5-B5E4-1FE612CB5F20} = {863BAD2A-134C-44DC-B62A-289A76EE098C}
		{1672B607-9AD5-4575-95D7-9D98641BCA60} = {863BAD2A-134C-44DC-B62A-289A76EE098C}
		{E24FCE8F-2EF3-4D86-B46D-17D23CABFD51} = {1BEB0513-B7F4-440E-A04E-04F652EE712F}
	EndGlobalSection
	GlobalSection(ExtensibilityGlobals) = postSolution
		SolutionGuid = {12C353CA-1960-448B-BB3F-F62787EEF836}
	EndGlobalSection
EndGlobal
